
Microsoft Visual Studio Solution File, Format Version 12.00
# Visual Studio Version 17
VisualStudioVersion = 17.8.34309.116
MinimumVisualStudioVersion = 10.0.40219.1
Project("{9A19103F-16F7-4668-BE54-9A1E7A4F7556}") = "GIHUN_MVC_Project", "GIHUN_MVC_Project\GIHUN_MVC_Project.csproj", "{35275A42-7613-427A-B1FB-CA75B1A8B800}"
EndProject
Project("{2150E333-8FDC-42A3-9474-1A3956D46DE8}") = "Infrastructure", "Infrastructure", "{A2A55BE4-9417-4799-A365-5F55B64DB0D7}"
EndProject
Project("{9A19103F-16F7-4668-BE54-9A1E7A4F7556}") = "Shared", "Shared\Shared.csproj", "{2DE18956-5ED8-4E1E-B333-47A45235FDBD}"
EndProject
Global
	GlobalSection(SolutionConfigurationPlatforms) = preSolution
		Debug|Any CPU = Debug|Any CPU
		Release|Any CPU = Release|Any CPU
	EndGlobalSection
	GlobalSection(ProjectConfigurationPlatforms) = postSolution
		{35275A42-7613-427A-B1FB-CA75B1A8B800}.Debug|Any CPU.ActiveCfg = Debug|Any CPU
		{35275A42-7613-427A-B1FB-CA75B1A8B800}.Debug|Any CPU.Build.0 = Debug|Any CPU
		{35275A42-7613-427A-B1FB-CA75B1A8B800}.Release|Any CPU.ActiveCfg = Release|Any CPU
		{35275A42-7613-427A-B1FB-CA75B1A8B800}.Release|Any CPU.Build.0 = Release|Any CPU
		{2DE18956-5ED8-4E1E-B333-47A45235FDBD}.Debug|Any CPU.ActiveCfg = Debug|Any CPU
		{2DE18956-5ED8-4E1E-B333-47A45235FDBD}.Debug|Any CPU.Build.0 = Debug|Any CPU
		{2DE18956-5ED8-4E1E-B333-47A45235FDBD}.Release|Any CPU.ActiveCfg = Release|Any CPU
		{2DE18956-5ED8-4E1E-B333-47A45235FDBD}.Release|Any CPU.Build.0 = Release|Any CPU
	EndGlobalSection
	GlobalSection(SolutionProperties) = preSolution
		HideSolutionNode = FALSE
	EndGlobalSection
	GlobalSection(NestedProjects) = preSolution
		{2DE18956-5ED8-4E1E-B333-47A45235FDBD} = {A2A55BE4-9417-4799-A365-5F55B64DB0D7}
	EndGlobalSection
	GlobalSection(ExtensibilityGlobals) = postSolution
		SolutionGuid = {48AE73E5-AA26-47DD-8D6A-2DE056141141}
	EndGlobalSection
EndGlobal
